// !$*UTF8*$!
{
	archiveVersion = 1;
	classes = {
	};
	objectVersion = 46;
	objects = {

/* Begin PBXBuildFile section */
		2085AB941F1FB47300F4BB90 /* Assets.xcassets in Resources */ = {isa = PBXBuildFile; fileRef = 2085AB931F1FB47300F4BB90 /* Assets.xcassets */; };
		2085AB971F1FB47300F4BB90 /* LaunchScreen.storyboard in Resources */ = {isa = PBXBuildFile; fileRef = 2085AB951F1FB47300F4BB90 /* LaunchScreen.storyboard */; };
		2085ABA21F1FB6A900F4BB90 /* HomeViewController.swift in Sources */ = {isa = PBXBuildFile; fileRef = 2085ABA11F1FB6A900F4BB90 /* HomeViewController.swift */; };
		2085ABA61F1FC76800F4BB90 /* AppDelegate.swift in Sources */ = {isa = PBXBuildFile; fileRef = 2085ABA51F1FC76800F4BB90 /* AppDelegate.swift */; };
		2085ABA81F1FD1D300F4BB90 /* StoryboardUtility.swift in Sources */ = {isa = PBXBuildFile; fileRef = 2085ABA71F1FD1D300F4BB90 /* StoryboardUtility.swift */; };
		2085ABAB1F1FD29600F4BB90 /* Main.storyboard in Resources */ = {isa = PBXBuildFile; fileRef = 2085ABA91F1FD29600F4BB90 /* Main.storyboard */; };
		2085ABAE1F1FD98E00F4BB90 /* Homeview.storyboard in Resources */ = {isa = PBXBuildFile; fileRef = 2085ABAC1F1FD98E00F4BB90 /* Homeview.storyboard */; };
		2085ABB01F1FE0DC00F4BB90 /* AgeGroupController.swift in Sources */ = {isa = PBXBuildFile; fileRef = 2085ABAF1F1FE0DC00F4BB90 /* AgeGroupController.swift */; };
		2085ABB21F1FEBCE00F4BB90 /* Challenge.swift in Sources */ = {isa = PBXBuildFile; fileRef = 2085ABB11F1FEBCE00F4BB90 /* Challenge.swift */; };
/* End PBXBuildFile section */

/* Begin PBXFileReference section */
		2085AB891F1FB47300F4BB90 /* RandOmChallenges.app */ = {isa = PBXFileReference; explicitFileType = wrapper.application; includeInIndex = 0; path = RandOmChallenges.app; sourceTree = BUILT_PRODUCTS_DIR; };
		2085AB931F1FB47300F4BB90 /* Assets.xcassets */ = {isa = PBXFileReference; lastKnownFileType = folder.assetcatalog; path = Assets.xcassets; sourceTree = "<group>"; };
		2085AB961F1FB47300F4BB90 /* Base */ = {isa = PBXFileReference; lastKnownFileType = file.storyboard; name = Base; path = Base.lproj/LaunchScreen.storyboard; sourceTree = "<group>"; };
		2085AB981F1FB47300F4BB90 /* Info.plist */ = {isa = PBXFileReference; lastKnownFileType = text.plist.xml; path = Info.plist; sourceTree = "<group>"; };
		2085ABA11F1FB6A900F4BB90 /* HomeViewController.swift */ = {isa = PBXFileReference; fileEncoding = 4; lastKnownFileType = sourcecode.swift; path = HomeViewController.swift; sourceTree = "<group>"; };
		2085ABA51F1FC76800F4BB90 /* AppDelegate.swift */ = {isa = PBXFileReference; fileEncoding = 4; lastKnownFileType = sourcecode.swift; name = AppDelegate.swift; path = RandOmChallenges/AppDelegate.swift; sourceTree = "<group>"; };
		2085ABA71F1FD1D300F4BB90 /* StoryboardUtility.swift */ = {isa = PBXFileReference; fileEncoding = 4; lastKnownFileType = sourcecode.swift; path = StoryboardUtility.swift; sourceTree = "<group>"; };
		2085ABAA1F1FD29600F4BB90 /* Base */ = {isa = PBXFileReference; lastKnownFileType = file.storyboard; name = Base; path = RandOmChallenges/Base.lproj/Main.storyboard; sourceTree = "<group>"; };
		2085ABAD1F1FD98E00F4BB90 /* Base */ = {isa = PBXFileReference; lastKnownFileType = file.storyboard; name = Base; path = RandOmChallenges/Base.lproj/Homeview.storyboard; sourceTree = "<group>"; };
		2085ABAF1F1FE0DC00F4BB90 /* AgeGroupController.swift */ = {isa = PBXFileReference; fileEncoding = 4; lastKnownFileType = sourcecode.swift; path = AgeGroupController.swift; sourceTree = "<group>"; };
		2085ABB11F1FEBCE00F4BB90 /* Challenge.swift */ = {isa = PBXFileReference; fileEncoding = 4; lastKnownFileType = sourcecode.swift; path = Challenge.swift; sourceTree = "<group>"; };
/* End PBXFileReference section */

/* Begin PBXFrameworksBuildPhase section */
		2085AB861F1FB47300F4BB90 /* Frameworks */ = {
			isa = PBXFrameworksBuildPhase;
			buildActionMask = 2147483647;
			files = (
			);
			runOnlyForDeploymentPostprocessing = 0;
		};
/* End PBXFrameworksBuildPhase section */

/* Begin PBXGroup section */
		2085AB801F1FB47300F4BB90 = {
			isa = PBXGroup;
			children = (
				2085ABA51F1FC76800F4BB90 /* AppDelegate.swift */,
				2085AB8B1F1FB47300F4BB90 /* RandOmChallenges */,
				2085AB8A1F1FB47300F4BB90 /* Products */,
			);
			sourceTree = "<group>";
		};
		2085AB8A1F1FB47300F4BB90 /* Products */ = {
			isa = PBXGroup;
			children = (
				2085AB891F1FB47300F4BB90 /* RandOmChallenges.app */,
			);
			name = Products;
			sourceTree = "<group>";
		};
		2085AB8B1F1FB47300F4BB90 /* RandOmChallenges */ = {
			isa = PBXGroup;
			children = (
				2085ABA41F1FB6C100F4BB90 /* Storyboards */,
				2085ABA31F1FB6AF00F4BB90 /* ViewControllers */,
				2085AB931F1FB47300F4BB90 /* Assets.xcassets */,
				2085AB981F1FB47300F4BB90 /* Info.plist */,
				2085ABA71F1FD1D300F4BB90 /* StoryboardUtility.swift */,
				2085ABB11F1FEBCE00F4BB90 /* Challenge.swift */,
			);
			path = RandOmChallenges;
			sourceTree = "<group>";
		};
		2085ABA31F1FB6AF00F4BB90 /* ViewControllers */ = {
			isa = PBXGroup;
			children = (
				2085ABA11F1FB6A900F4BB90 /* HomeViewController.swift */,
				2085ABAF1F1FE0DC00F4BB90 /* AgeGroupController.swift */,
			);
			name = ViewControllers;
			sourceTree = "<group>";
		};
		2085ABA41F1FB6C100F4BB90 /* Storyboards */ = {
			isa = PBXGroup;
			children = (
				2085ABAC1F1FD98E00F4BB90 /* Homeview.storyboard */,
				2085ABA91F1FD29600F4BB90 /* Main.storyboard */,
				2085AB951F1FB47300F4BB90 /* LaunchScreen.storyboard */,
			);
			name = Storyboards;
			sourceTree = "<group>";
		};
/* End PBXGroup section */

/* Begin PBXNativeTarget section */
		2085AB881F1FB47300F4BB90 /* RandOmChallenges */ = {
			isa = PBXNativeTarget;
			buildConfigurationList = 2085AB9B1F1FB47300F4BB90 /* Build configuration list for PBXNativeTarget "RandOmChallenges" */;
			buildPhases = (
				2085AB851F1FB47300F4BB90 /* Sources */,
				2085AB861F1FB47300F4BB90 /* Frameworks */,
				2085AB871F1FB47300F4BB90 /* Resources */,
			);
			buildRules = (
			);
			dependencies = (
			);
			name = RandOmChallenges;
			productName = RandOmChallenges;
			productReference = 2085AB891F1FB47300F4BB90 /* RandOmChallenges.app */;
			productType = "com.apple.product-type.application";
		};
/* End PBXNativeTarget section */

/* Begin PBXProject section */
		2085AB811F1FB47300F4BB90 /* Project object */ = {
			isa = PBXProject;
			attributes = {
				LastSwiftUpdateCheck = 0830;
				LastUpgradeCheck = 0830;
				ORGANIZATIONNAME = "Johnny Chiu";
				TargetAttributes = {
					2085AB881F1FB47300F4BB90 = {
						CreatedOnToolsVersion = 8.3.3;
						LastSwiftMigration = 0830;
						ProvisioningStyle = Automatic;
					};
				};
			};
			buildConfigurationList = 2085AB841F1FB47300F4BB90 /* Build configuration list for PBXProject "RandOmChallenges" */;
			compatibilityVersion = "Xcode 3.2";
			developmentRegion = English;
			hasScannedForEncodings = 0;
			knownRegions = (
				en,
				Base,
			);
			mainGroup = 2085AB801F1FB47300F4BB90;
			productRefGroup = 2085AB8A1F1FB47300F4BB90 /* Products */;
			projectDirPath = "";
			projectRoot = "";
			targets = (
				2085AB881F1FB47300F4BB90 /* RandOmChallenges */,
			);
		};
/* End PBXProject section */

/* Begin PBXResourcesBuildPhase section */
		2085AB871F1FB47300F4BB90 /* Resources */ = {
			isa = PBXResourcesBuildPhase;
			buildActionMask = 2147483647;
			files = (
				2085AB971F1FB47300F4BB90 /* LaunchScreen.storyboard in Resources */,
				2085AB941F1FB47300F4BB90 /* Assets.xcassets in Resources */,
				2085ABAE1F1FD98E00F4BB90 /* Homeview.storyboard in Resources */,
				2085ABAB1F1FD29600F4BB90 /* Main.storyboard in Resources */,
			);
			runOnlyForDeploymentPostprocessing = 0;
		};
/* End PBXResourcesBuildPhase section */

/* Begin PBXSourcesBuildPhase section */
		2085AB851F1FB47300F4BB90 /* Sources */ = {
			isa = PBXSourcesBuildPhase;
			buildActionMask = 2147483647;
			files = (
				2085ABA81F1FD1D300F4BB90 /* StoryboardUtility.swift in Sources */,
				2085ABB01F1FE0DC00F4BB90 /* AgeGroupController.swift in Sources */,
				2085ABA61F1FC76800F4BB90 /* AppDelegate.swift in Sources */,
				2085ABA21F1FB6A900F4BB90 /* HomeViewController.swift in Sources */,
				2085ABB21F1FEBCE00F4BB90 /* Challenge.swift in Sources */,
			);
			runOnlyForDeploymentPostprocessing = 0;
		};
/* End PBXSourcesBuildPhase section */

/* Begin PBXVariantGroup section */
		2085AB951F1FB47300F4BB90 /* LaunchScreen.storyboard */ = {
			isa = PBXVariantGroup;
			children = (
				2085AB961F1FB47300F4BB90 /* Base */,
			);
			name = LaunchScreen.storyboard;
			sourceTree = "<group>";
		};
		2085ABA91F1FD29600F4BB90 /* Main.storyboard */ = {
			isa = PBXVariantGroup;
			children = (
				2085ABAA1F1FD29600F4BB90 /* Base */,
			);
			name = Main.storyboard;
			path = ..;
			sourceTree = "<group>";
		};
		2085ABAC1F1FD98E00F4BB90 /* Homeview.storyboard */ = {
			isa = PBXVariantGroup;
			children = (
				2085ABAD1F1FD98E00F4BB90 /* Base */,
			);
			name = Homeview.storyboard;
			path = ..;
			sourceTree = "<group>";
		};
/* End PBXVariantGroup section */

/* Begin XCBuildConfiguration section */
		2085AB991F1FB47300F4BB90 /* Debug */ = {
			isa = XCBuildConfiguration;
			buildSettings = {
				ALWAYS_SEARCH_USER_PATHS = NO;
				CLANG_ANALYZER_NONNULL = YES;
				CLANG_ANALYZER_NUMBER_OBJECT_CONVERSION = YES_AGGRESSIVE;
				CLANG_CXX_LANGUAGE_STANDARD = "gnu++0x";
				CLANG_CXX_LIBRARY = "libc++";
				CLANG_ENABLE_MODULES = YES;
				CLANG_ENABLE_OBJC_ARC = YES;
				CLANG_WARN_BOOL_CONVERSION = YES;
				CLANG_WARN_CONSTANT_CONVERSION = YES;
				CLANG_WARN_DIRECT_OBJC_ISA_USAGE = YES_ERROR;
				CLANG_WARN_DOCUMENTATION_COMMENTS = YES;
				CLANG_WARN_EMPTY_BODY = YES;
				CLANG_WARN_ENUM_CONVERSION = YES;
				CLANG_WARN_INFINITE_RECURSION = YES;
				CLANG_WARN_INT_CONVERSION = YES;
				CLANG_WARN_OBJC_ROOT_CLASS = YES_ERROR;
				CLANG_WARN_SUSPICIOUS_MOVE = YES;
				CLANG_WARN_UNREACHABLE_CODE = YES;
				CLANG_WARN__DUPLICATE_METHOD_MATCH = YES;
				"CODE_SIGN_IDENTITY[sdk=iphoneos*]" = "iPhone Developer";
				COPY_PHASE_STRIP = NO;
				DEBUG_INFORMATION_FORMAT = dwarf;
				ENABLE_STRICT_OBJC_MSGSEND = YES;
				ENABLE_TESTABILITY = YES;
				GCC_C_LANGUAGE_STANDARD = gnu99;
				GCC_DYNAMIC_NO_PIC = NO;
				GCC_NO_COMMON_BLOCKS = YES;
				GCC_OPTIMIZATION_LEVEL = 0;
				GCC_PREPROCESSOR_DEFINITIONS = (
					"DEBUG=1",
					"$(inherited)",
				);
				GCC_WARN_64_TO_32_BIT_CONVERSION = YES;
				GCC_WARN_ABOUT_RETURN_TYPE = YES_ERROR;
				GCC_WARN_UNDECLARED_SELECTOR = YES;
				GCC_WARN_UNINITIALIZED_AUTOS = YES_AGGRESSIVE;
				GCC_WARN_UNUSED_FUNCTION = YES;
				GCC_WARN_UNUSED_VARIABLE = YES;
				IPHONEOS_DEPLOYMENT_TARGET = 10.3;
				MTL_ENABLE_DEBUG_INFO = YES;
				ONLY_ACTIVE_ARCH = YES;
				SDKROOT = iphoneos;
				SWIFT_ACTIVE_COMPILATION_CONDITIONS = DEBUG;
				SWIFT_OPTIMIZATION_LEVEL = "-Onone";
				TARGETED_DEVICE_FAMILY = "1,2";
			};
			name = Debug;
		};
		2085AB9A1F1FB47300F4BB90 /* Release */ = {
			isa = XCBuildConfiguration;
			buildSettings = {
				ALWAYS_SEARCH_USER_PATHS = NO;
				CLANG_ANALYZER_NONNULL = YES;
				CLANG_ANALYZER_NUMBER_OBJECT_CONVERSION = YES_AGGRESSIVE;
				CLANG_CXX_LANGUAGE_STANDARD = "gnu++0x";
				CLANG_CXX_LIBRARY = "libc++";
				CLANG_ENABLE_MODULES = YES;
				CLANG_ENABLE_OBJC_ARC = YES;
				CLANG_WARN_BOOL_CONVERSION = YES;
				CLANG_WARN_CONSTANT_CONVERSION = YES;
				CLANG_WARN_DIRECT_OBJC_ISA_USAGE = YES_ERROR;
				CLANG_WARN_DOCUMENTATION_COMMENTS = YES;
				CLANG_WARN_EMPTY_BODY = YES;
				CLANG_WARN_ENUM_CONVERSION = YES;
				CLANG_WARN_INFINITE_RECURSION = YES;
				CLANG_WARN_INT_CONVERSION = YES;
				CLANG_WARN_OBJC_ROOT_CLASS = YES_ERROR;
				CLANG_WARN_SUSPICIOUS_MOVE = YES;
				CLANG_WARN_UNREACHABLE_CODE = YES;
				CLANG_WARN__DUPLICATE_METHOD_MATCH = YES;
				"CODE_SIGN_IDENTITY[sdk=iphoneos*]" = "iPhone Developer";
				COPY_PHASE_STRIP = NO;
				DEBUG_INFORMATION_FORMAT = "dwarf-with-dsym";
				ENABLE_NS_ASSERTIONS = NO;
				ENABLE_STRICT_OBJC_MSGSEND = YES;
				GCC_C_LANGUAGE_STANDARD = gnu99;
				GCC_NO_COMMON_BLOCKS = YES;
				GCC_WARN_64_TO_32_BIT_CONVERSION = YES;
				GCC_WARN_ABOUT_RETURN_TYPE = YES_ERROR;
				GCC_WARN_UNDECLARED_SELECTOR = YES;
				GCC_WARN_UNINITIALIZED_AUTOS = YES_AGGRESSIVE;
				GCC_WARN_UNUSED_FUNCTION = YES;
				GCC_WARN_UNUSED_VARIABLE = YES;
				IPHONEOS_DEPLOYMENT_TARGET = 10.3;
				MTL_ENABLE_DEBUG_INFO = NO;
				SDKROOT = iphoneos;
				SWIFT_OPTIMIZATION_LEVEL = "-Owholemodule";
				TARGETED_DEVICE_FAMILY = "1,2";
				VALIDATE_PRODUCT = YES;
			};
			name = Release;
		};
		2085AB9C1F1FB47300F4BB90 /* Debug */ = {
			isa = XCBuildConfiguration;
			buildSettings = {
				ASSETCATALOG_COMPILER_APPICON_NAME = AppIcon;
				CLANG_ENABLE_MODULES = YES;
				INFOPLIST_FILE = RandOmChallenges/Info.plist;
				LD_RUNPATH_SEARCH_PATHS = "$(inherited) @executable_path/Frameworks";
				PRODUCT_BUNDLE_IDENTIFIER = com.JohnnyChiu.RandOmChallenges;
				PRODUCT_NAME = "$(TARGET_NAME)";
				SWIFT_OPTIMIZATION_LEVEL = "-Onone";
				SWIFT_VERSION = 3.0;
			};
			name = Debug;
		};
		2085AB9D1F1FB47300F4BB90 /* Release */ = {
			isa = XCBuildConfiguration;
			buildSettings = {
				ASSETCATALOG_COMPILER_APPICON_NAME = AppIcon;
				CLANG_ENABLE_MODULES = YES;
				INFOPLIST_FILE = RandOmChallenges/Info.plist;
				LD_RUNPATH_SEARCH_PATHS = "$(inherited) @executable_path/Frameworks";
				PRODUCT_BUNDLE_IDENTIFIER = com.JohnnyChiu.RandOmChallenges;
				PRODUCT_NAME = "$(TARGET_NAME)";
				SWIFT_VERSION = 3.0;
			};
			name = Release;
		};
/* End XCBuildConfiguration section */

/* Begin XCConfigurationList section */
		2085AB841F1FB47300F4BB90 /* Build configuration list for PBXProject "RandOmChallenges" */ = {
			isa = XCConfigurationList;
			buildConfigurations = (
				2085AB991F1FB47300F4BB90 /* Debug */,
				2085AB9A1F1FB47300F4BB90 /* Release */,
			);
			defaultConfigurationIsVisible = 0;
			defaultConfigurationName = Release;
		};
		2085AB9B1F1FB47300F4BB90 /* Build configuration list for PBXNativeTarget "RandOmChallenges" */ = {
			isa = XCConfigurationList;
			buildConfigurations = (
				2085AB9C1F1FB47300F4BB90 /* Debug */,
				2085AB9D1F1FB47300F4BB90 /* Release */,
			);
			defaultConfigurationIsVisible = 0;
		};
/* End XCConfigurationList section */
	};
	rootObject = 2085AB811F1FB47300F4BB90 /* Project object */;
}
